
Microsoft Visual Studio Solution File, Format Version 12.00
# Visual Studio Version 17
VisualStudioVersion = 17.3.32929.385
MinimumVisualStudioVersion = 10.0.40219.1
Project("{8BC9CEB8-8B4A-11D0-8D11-00A0C91BC942}") = "root", "root\root.vcxproj", "{BDD1222D-14AE-4752-986F-3D261E26DA59}"
EndProject
Project("{8BC9CEB8-8B4A-11D0-8D11-00A0C91BC942}") = "vector", "vector\vector.vcxproj", "{831A18FC-ED4F-481A-9E1E-CA1876FAAEA0}"
EndProject
Project("{8BC9CEB8-8B4A-11D0-8D11-00A0C91BC942}") = "prime_numbers", "prime_numbers\prime_numbers.vcxproj", "{436651C1-8DF9-4C60-880E-E75C6AD88AC7}"
EndProject
Global
	GlobalSection(SolutionConfigurationPlatforms) = preSolution
		Debug|x64 = Debug|x64
		Debug|x86 = Debug|x86
		Release|x64 = Release|x64
		Release|x86 = Release|x86
	EndGlobalSection
	GlobalSection(ProjectConfigurationPlatforms) = postSolution
		{BDD1222D-14AE-4752-986F-3D261E26DA59}.Debug|x64.ActiveCfg = Debug|x64
		{BDD1222D-14AE-4752-986F-3D261E26DA59}.Debug|x64.Build.0 = Debug|x64
		{BDD1222D-14AE-4752-986F-3D261E26DA59}.Debug|x86.ActiveCfg = Debug|Win32
		{BDD1222D-14AE-4752-986F-3D261E26DA59}.Debug|x86.Build.0 = Debug|Win32
		{BDD1222D-14AE-4752-986F-3D261E26DA59}.Release|x64.ActiveCfg = Release|x64
		{BDD1222D-14AE-4752-986F-3D261E26DA59}.Release|x64.Build.0 = Release|x64
		{BDD1222D-14AE-4752-986F-3D261E26DA59}.Release|x86.ActiveCfg = Release|Win32
		{BDD1222D-14AE-4752-986F-3D261E26DA59}.Release|x86.Build.0 = Release|Win32
		{831A18FC-ED4F-481A-9E1E-CA1876FAAEA0}.Debug|x64.ActiveCfg = Debug|x64
		{831A18FC-ED4F-481A-9E1E-CA1876FAAEA0}.Debug|x64.Build.0 = Debug|x64
		{831A18FC-ED4F-481A-9E1E-CA1876FAAEA0}.Debug|x86.ActiveCfg = Debug|Win32
		{831A18FC-ED4F-481A-9E1E-CA1876FAAEA0}.Debug|x86.Build.0 = Debug|Win32
		{831A18FC-ED4F-481A-9E1E-CA1876FAAEA0}.Release|x64.ActiveCfg = Release|x64
		{831A18FC-ED4F-481A-9E1E-CA1876FAAEA0}.Release|x64.Build.0 = Release|x64
		{831A18FC-ED4F-481A-9E1E-CA1876FAAEA0}.Release|x86.ActiveCfg = Release|Win32
		{831A18FC-ED4F-481A-9E1E-CA1876FAAEA0}.Release|x86.Build.0 = Release|Win32
		{436651C1-8DF9-4C60-880E-E75C6AD88AC7}.Debug|x64.ActiveCfg = Debug|x64
		{436651C1-8DF9-4C60-880E-E75C6AD88AC7}.Debug|x64.Build.0 = Debug|x64
		{436651C1-8DF9-4C60-880E-E75C6AD88AC7}.Debug|x86.ActiveCfg = Debug|Win32
		{436651C1-8DF9-4C60-880E-E75C6AD88AC7}.Debug|x86.Build.0 = Debug|Win32
		{436651C1-8DF9-4C60-880E-E75C6AD88AC7}.Release|x64.ActiveCfg = Release|x64
		{436651C1-8DF9-4C60-880E-E75C6AD88AC7}.Release|x64.Build.0 = Release|x64
		{436651C1-8DF9-4C60-880E-E75C6AD88AC7}.Release|x86.ActiveCfg = Release|Win32
		{436651C1-8DF9-4C60-880E-E75C6AD88AC7}.Release|x86.Build.0 = Release|Win32
	EndGlobalSection
	GlobalSection(SolutionProperties) = preSolution
		HideSolutionNode = FALSE
	EndGlobalSection
	GlobalSection(ExtensibilityGlobals) = postSolution
		SolutionGuid = {4C8F89E8-E874-4844-96C7-D388FE103F14}
	EndGlobalSection
EndGlobal
