
Microsoft Visual Studio Solution File, Format Version 12.00
# Visual Studio Version 17
VisualStudioVersion = 17.3.32929.385
MinimumVisualStudioVersion = 10.0.40219.1
Project("{8BC9CEB8-8B4A-11D0-8D11-00A0C91BC942}") = "root", "root\root.vcxproj", "{BDD1222D-14AE-4752-986F-3D261E26DA59}"
EndProject
Project("{8BC9CEB8-8B4A-11D0-8D11-00A0C91BC942}") = "vector", "vector\vector.vcxproj", "{831A18FC-ED4F-481A-9E1E-CA1876FAAEA0}"
EndProject
Project("{8BC9CEB8-8B4A-11D0-8D11-00A0C91BC942}") = "prime_numbers", "prime_numbers\prime_numbers.vcxproj", "{436651C1-8DF9-4C60-880E-E75C6AD88AC7}"
EndProject
Project("{8BC9CEB8-8B4A-11D0-8D11-00A0C91BC942}") = "matrix", "matrix\matrix.vcxproj", "{BFAAA2CC-C954-4B1E-88FC-C567397A5B33}"
EndProject
Project("{8BC9CEB8-8B4A-11D0-8D11-00A0C91BC942}") = "calc-pi", "calc-pi\calc-pi.vcxproj", "{F4380AEB-336B-4127-A5DF-2786A9AF6DA2}"
EndProject
Project("{8BC9CEB8-8B4A-11D0-8D11-00A0C91BC942}") = "bresenham", "bresenham\bresenham.vcxproj", "{5F6AC472-6CA1-48F4-AE16-DEDE1037F0BE}"
EndProject
Project("{8BC9CEB8-8B4A-11D0-8D11-00A0C91BC942}") = "calc_area", "calc_area\calc_area.vcxproj", "{B011D2B9-BEF7-44AD-93E8-5F9BA51AAF90}"
EndProject
Project("{8BC9CEB8-8B4A-11D0-8D11-00A0C91BC942}") = "regression", "regression\regression.vcxproj", "{1AF45569-FC3D-4891-9F39-403F862745FB}"
EndProject
Project("{8BC9CEB8-8B4A-11D0-8D11-00A0C91BC942}") = "optima", "optima\optima.vcxproj", "{7AD2C193-C35B-4876-979F-672CA585BE0E}"
EndProject
Project("{8BC9CEB8-8B4A-11D0-8D11-00A0C91BC942}") = "lu_decomposition", "lu_decomposition\lu_decomposition.vcxproj", "{D508FCBB-0A5B-4E3A-9F88-8F9EA27DC413}"
EndProject
Project("{8BC9CEB8-8B4A-11D0-8D11-00A0C91BC942}") = "jacobi_algorithm", "jacobi_algorithm\jacobi_algorithm.vcxproj", "{70A3438B-699C-4737-8D00-DD2ABF261FC3}"
EndProject
Project("{8BC9CEB8-8B4A-11D0-8D11-00A0C91BC942}") = "LinSysEquations2", "LinSysEquations2\LinSysEquations2.vcxproj", "{1481C108-E700-413A-8C0B-429B5B94805E}"
EndProject
Project("{8BC9CEB8-8B4A-11D0-8D11-00A0C91BC942}") = "simulated_annealing", "simulated_annealing\simulated_annealing.vcxproj", "{567DF11C-AACC-4AB0-9F12-029F2BD13C51}"
EndProject
Project("{8BC9CEB8-8B4A-11D0-8D11-00A0C91BC942}") = "minimum_spanning_tree", "minimum_spanning_tree\minimum_spanning_tree.vcxproj", "{F49F96A4-D55C-4E95-830B-C3E9593FD168}"
EndProject
Global
	GlobalSection(SolutionConfigurationPlatforms) = preSolution
		Debug|x64 = Debug|x64
		Debug|x86 = Debug|x86
		Release|x64 = Release|x64
		Release|x86 = Release|x86
	EndGlobalSection
	GlobalSection(ProjectConfigurationPlatforms) = postSolution
		{BDD1222D-14AE-4752-986F-3D261E26DA59}.Debug|x64.ActiveCfg = Debug|x64
		{BDD1222D-14AE-4752-986F-3D261E26DA59}.Debug|x64.Build.0 = Debug|x64
		{BDD1222D-14AE-4752-986F-3D261E26DA59}.Debug|x86.ActiveCfg = Debug|Win32
		{BDD1222D-14AE-4752-986F-3D261E26DA59}.Debug|x86.Build.0 = Debug|Win32
		{BDD1222D-14AE-4752-986F-3D261E26DA59}.Release|x64.ActiveCfg = Release|x64
		{BDD1222D-14AE-4752-986F-3D261E26DA59}.Release|x64.Build.0 = Release|x64
		{BDD1222D-14AE-4752-986F-3D261E26DA59}.Release|x86.ActiveCfg = Release|Win32
		{BDD1222D-14AE-4752-986F-3D261E26DA59}.Release|x86.Build.0 = Release|Win32
		{831A18FC-ED4F-481A-9E1E-CA1876FAAEA0}.Debug|x64.ActiveCfg = Debug|x64
		{831A18FC-ED4F-481A-9E1E-CA1876FAAEA0}.Debug|x64.Build.0 = Debug|x64
		{831A18FC-ED4F-481A-9E1E-CA1876FAAEA0}.Debug|x86.ActiveCfg = Debug|Win32
		{831A18FC-ED4F-481A-9E1E-CA1876FAAEA0}.Debug|x86.Build.0 = Debug|Win32
		{831A18FC-ED4F-481A-9E1E-CA1876FAAEA0}.Release|x64.ActiveCfg = Release|x64
		{831A18FC-ED4F-481A-9E1E-CA1876FAAEA0}.Release|x64.Build.0 = Release|x64
		{831A18FC-ED4F-481A-9E1E-CA1876FAAEA0}.Release|x86.ActiveCfg = Release|Win32
		{831A18FC-ED4F-481A-9E1E-CA1876FAAEA0}.Release|x86.Build.0 = Release|Win32
		{436651C1-8DF9-4C60-880E-E75C6AD88AC7}.Debug|x64.ActiveCfg = Debug|x64
		{436651C1-8DF9-4C60-880E-E75C6AD88AC7}.Debug|x64.Build.0 = Debug|x64
		{436651C1-8DF9-4C60-880E-E75C6AD88AC7}.Debug|x86.ActiveCfg = Debug|Win32
		{436651C1-8DF9-4C60-880E-E75C6AD88AC7}.Debug|x86.Build.0 = Debug|Win32
		{436651C1-8DF9-4C60-880E-E75C6AD88AC7}.Release|x64.ActiveCfg = Release|x64
		{436651C1-8DF9-4C60-880E-E75C6AD88AC7}.Release|x64.Build.0 = Release|x64
		{436651C1-8DF9-4C60-880E-E75C6AD88AC7}.Release|x86.ActiveCfg = Release|Win32
		{436651C1-8DF9-4C60-880E-E75C6AD88AC7}.Release|x86.Build.0 = Release|Win32
		{BFAAA2CC-C954-4B1E-88FC-C567397A5B33}.Debug|x64.ActiveCfg = Debug|x64
		{BFAAA2CC-C954-4B1E-88FC-C567397A5B33}.Debug|x64.Build.0 = Debug|x64
		{BFAAA2CC-C954-4B1E-88FC-C567397A5B33}.Debug|x86.ActiveCfg = Debug|Win32
		{BFAAA2CC-C954-4B1E-88FC-C567397A5B33}.Debug|x86.Build.0 = Debug|Win32
		{BFAAA2CC-C954-4B1E-88FC-C567397A5B33}.Release|x64.ActiveCfg = Release|x64
		{BFAAA2CC-C954-4B1E-88FC-C567397A5B33}.Release|x64.Build.0 = Release|x64
		{BFAAA2CC-C954-4B1E-88FC-C567397A5B33}.Release|x86.ActiveCfg = Release|Win32
		{BFAAA2CC-C954-4B1E-88FC-C567397A5B33}.Release|x86.Build.0 = Release|Win32
		{F4380AEB-336B-4127-A5DF-2786A9AF6DA2}.Debug|x64.ActiveCfg = Debug|x64
		{F4380AEB-336B-4127-A5DF-2786A9AF6DA2}.Debug|x64.Build.0 = Debug|x64
		{F4380AEB-336B-4127-A5DF-2786A9AF6DA2}.Debug|x86.ActiveCfg = Debug|Win32
		{F4380AEB-336B-4127-A5DF-2786A9AF6DA2}.Debug|x86.Build.0 = Debug|Win32
		{F4380AEB-336B-4127-A5DF-2786A9AF6DA2}.Release|x64.ActiveCfg = Release|x64
		{F4380AEB-336B-4127-A5DF-2786A9AF6DA2}.Release|x64.Build.0 = Release|x64
		{F4380AEB-336B-4127-A5DF-2786A9AF6DA2}.Release|x86.ActiveCfg = Release|Win32
		{F4380AEB-336B-4127-A5DF-2786A9AF6DA2}.Release|x86.Build.0 = Release|Win32
		{5F6AC472-6CA1-48F4-AE16-DEDE1037F0BE}.Debug|x64.ActiveCfg = Debug|x64
		{5F6AC472-6CA1-48F4-AE16-DEDE1037F0BE}.Debug|x64.Build.0 = Debug|x64
		{5F6AC472-6CA1-48F4-AE16-DEDE1037F0BE}.Debug|x86.ActiveCfg = Debug|Win32
		{5F6AC472-6CA1-48F4-AE16-DEDE1037F0BE}.Debug|x86.Build.0 = Debug|Win32
		{5F6AC472-6CA1-48F4-AE16-DEDE1037F0BE}.Release|x64.ActiveCfg = Release|x64
		{5F6AC472-6CA1-48F4-AE16-DEDE1037F0BE}.Release|x64.Build.0 = Release|x64
		{5F6AC472-6CA1-48F4-AE16-DEDE1037F0BE}.Release|x86.ActiveCfg = Release|Win32
		{5F6AC472-6CA1-48F4-AE16-DEDE1037F0BE}.Release|x86.Build.0 = Release|Win32
		{B011D2B9-BEF7-44AD-93E8-5F9BA51AAF90}.Debug|x64.ActiveCfg = Debug|x64
		{B011D2B9-BEF7-44AD-93E8-5F9BA51AAF90}.Debug|x64.Build.0 = Debug|x64
		{B011D2B9-BEF7-44AD-93E8-5F9BA51AAF90}.Debug|x86.ActiveCfg = Debug|Win32
		{B011D2B9-BEF7-44AD-93E8-5F9BA51AAF90}.Debug|x86.Build.0 = Debug|Win32
		{B011D2B9-BEF7-44AD-93E8-5F9BA51AAF90}.Release|x64.ActiveCfg = Release|x64
		{B011D2B9-BEF7-44AD-93E8-5F9BA51AAF90}.Release|x64.Build.0 = Release|x64
		{B011D2B9-BEF7-44AD-93E8-5F9BA51AAF90}.Release|x86.ActiveCfg = Release|Win32
		{B011D2B9-BEF7-44AD-93E8-5F9BA51AAF90}.Release|x86.Build.0 = Release|Win32
		{1AF45569-FC3D-4891-9F39-403F862745FB}.Debug|x64.ActiveCfg = Debug|x64
		{1AF45569-FC3D-4891-9F39-403F862745FB}.Debug|x64.Build.0 = Debug|x64
		{1AF45569-FC3D-4891-9F39-403F862745FB}.Debug|x86.ActiveCfg = Debug|Win32
		{1AF45569-FC3D-4891-9F39-403F862745FB}.Debug|x86.Build.0 = Debug|Win32
		{1AF45569-FC3D-4891-9F39-403F862745FB}.Release|x64.ActiveCfg = Release|x64
		{1AF45569-FC3D-4891-9F39-403F862745FB}.Release|x64.Build.0 = Release|x64
		{1AF45569-FC3D-4891-9F39-403F862745FB}.Release|x86.ActiveCfg = Release|Win32
		{1AF45569-FC3D-4891-9F39-403F862745FB}.Release|x86.Build.0 = Release|Win32
		{7AD2C193-C35B-4876-979F-672CA585BE0E}.Debug|x64.ActiveCfg = Debug|x64
		{7AD2C193-C35B-4876-979F-672CA585BE0E}.Debug|x64.Build.0 = Debug|x64
		{7AD2C193-C35B-4876-979F-672CA585BE0E}.Debug|x86.ActiveCfg = Debug|Win32
		{7AD2C193-C35B-4876-979F-672CA585BE0E}.Debug|x86.Build.0 = Debug|Win32
		{7AD2C193-C35B-4876-979F-672CA585BE0E}.Release|x64.ActiveCfg = Release|x64
		{7AD2C193-C35B-4876-979F-672CA585BE0E}.Release|x64.Build.0 = Release|x64
		{7AD2C193-C35B-4876-979F-672CA585BE0E}.Release|x86.ActiveCfg = Release|Win32
		{7AD2C193-C35B-4876-979F-672CA585BE0E}.Release|x86.Build.0 = Release|Win32
		{D508FCBB-0A5B-4E3A-9F88-8F9EA27DC413}.Debug|x64.ActiveCfg = Debug|x64
		{D508FCBB-0A5B-4E3A-9F88-8F9EA27DC413}.Debug|x64.Build.0 = Debug|x64
		{D508FCBB-0A5B-4E3A-9F88-8F9EA27DC413}.Debug|x86.ActiveCfg = Debug|Win32
		{D508FCBB-0A5B-4E3A-9F88-8F9EA27DC413}.Debug|x86.Build.0 = Debug|Win32
		{D508FCBB-0A5B-4E3A-9F88-8F9EA27DC413}.Release|x64.ActiveCfg = Release|x64
		{D508FCBB-0A5B-4E3A-9F88-8F9EA27DC413}.Release|x64.Build.0 = Release|x64
		{D508FCBB-0A5B-4E3A-9F88-8F9EA27DC413}.Release|x86.ActiveCfg = Release|Win32
		{D508FCBB-0A5B-4E3A-9F88-8F9EA27DC413}.Release|x86.Build.0 = Release|Win32
		{70A3438B-699C-4737-8D00-DD2ABF261FC3}.Debug|x64.ActiveCfg = Debug|x64
		{70A3438B-699C-4737-8D00-DD2ABF261FC3}.Debug|x64.Build.0 = Debug|x64
		{70A3438B-699C-4737-8D00-DD2ABF261FC3}.Debug|x86.ActiveCfg = Debug|Win32
		{70A3438B-699C-4737-8D00-DD2ABF261FC3}.Debug|x86.Build.0 = Debug|Win32
		{70A3438B-699C-4737-8D00-DD2ABF261FC3}.Release|x64.ActiveCfg = Release|x64
		{70A3438B-699C-4737-8D00-DD2ABF261FC3}.Release|x64.Build.0 = Release|x64
		{70A3438B-699C-4737-8D00-DD2ABF261FC3}.Release|x86.ActiveCfg = Release|Win32
		{70A3438B-699C-4737-8D00-DD2ABF261FC3}.Release|x86.Build.0 = Release|Win32
		{1481C108-E700-413A-8C0B-429B5B94805E}.Debug|x64.ActiveCfg = Debug|x64
		{1481C108-E700-413A-8C0B-429B5B94805E}.Debug|x64.Build.0 = Debug|x64
		{1481C108-E700-413A-8C0B-429B5B94805E}.Debug|x86.ActiveCfg = Debug|Win32
		{1481C108-E700-413A-8C0B-429B5B94805E}.Debug|x86.Build.0 = Debug|Win32
		{1481C108-E700-413A-8C0B-429B5B94805E}.Release|x64.ActiveCfg = Release|x64
		{1481C108-E700-413A-8C0B-429B5B94805E}.Release|x64.Build.0 = Release|x64
		{1481C108-E700-413A-8C0B-429B5B94805E}.Release|x86.ActiveCfg = Release|Win32
		{1481C108-E700-413A-8C0B-429B5B94805E}.Release|x86.Build.0 = Release|Win32
		{567DF11C-AACC-4AB0-9F12-029F2BD13C51}.Debug|x64.ActiveCfg = Debug|x64
		{567DF11C-AACC-4AB0-9F12-029F2BD13C51}.Debug|x64.Build.0 = Debug|x64
		{567DF11C-AACC-4AB0-9F12-029F2BD13C51}.Debug|x86.ActiveCfg = Debug|Win32
		{567DF11C-AACC-4AB0-9F12-029F2BD13C51}.Debug|x86.Build.0 = Debug|Win32
		{567DF11C-AACC-4AB0-9F12-029F2BD13C51}.Release|x64.ActiveCfg = Release|x64
		{567DF11C-AACC-4AB0-9F12-029F2BD13C51}.Release|x64.Build.0 = Release|x64
		{567DF11C-AACC-4AB0-9F12-029F2BD13C51}.Release|x86.ActiveCfg = Release|Win32
		{567DF11C-AACC-4AB0-9F12-029F2BD13C51}.Release|x86.Build.0 = Release|Win32
		{F49F96A4-D55C-4E95-830B-C3E9593FD168}.Debug|x64.ActiveCfg = Debug|x64
		{F49F96A4-D55C-4E95-830B-C3E9593FD168}.Debug|x64.Build.0 = Debug|x64
		{F49F96A4-D55C-4E95-830B-C3E9593FD168}.Debug|x86.ActiveCfg = Debug|Win32
		{F49F96A4-D55C-4E95-830B-C3E9593FD168}.Debug|x86.Build.0 = Debug|Win32
		{F49F96A4-D55C-4E95-830B-C3E9593FD168}.Release|x64.ActiveCfg = Release|x64
		{F49F96A4-D55C-4E95-830B-C3E9593FD168}.Release|x64.Build.0 = Release|x64
		{F49F96A4-D55C-4E95-830B-C3E9593FD168}.Release|x86.ActiveCfg = Release|Win32
		{F49F96A4-D55C-4E95-830B-C3E9593FD168}.Release|x86.Build.0 = Release|Win32
	EndGlobalSection
	GlobalSection(SolutionProperties) = preSolution
		HideSolutionNode = FALSE
	EndGlobalSection
	GlobalSection(ExtensibilityGlobals) = postSolution
		SolutionGuid = {4C8F89E8-E874-4844-96C7-D388FE103F14}
	EndGlobalSection
EndGlobal
